
Microsoft Visual Studio Solution File, Format Version 11.00
# Visual Studio 2010
Project("{FAE04EC0-301F-11D3-BF4B-00C04F79EFBC}") = "AIYSFederation", "AIYSFederation\AIYSFederation.csproj", "{C1EECD21-4E33-4844-9FFD-F2E588587FDD}"
EndProject
Global
	GlobalSection(SolutionConfigurationPlatforms) = preSolution
		Debug|Any CPU = Debug|Any CPU
		Release|Any CPU = Release|Any CPU
	EndGlobalSection
	GlobalSection(ProjectConfigurationPlatforms) = postSolution
		{C1EECD21-4E33-4844-9FFD-F2E588587FDD}.Debug|Any CPU.ActiveCfg = Debug|Any CPU
		{C1EECD21-4E33-4844-9FFD-F2E588587FDD}.Debug|Any CPU.Build.0 = Debug|Any CPU
		{C1EECD21-4E33-4844-9FFD-F2E588587FDD}.Release|Any CPU.ActiveCfg = Release|Any CPU
		{C1EECD21-4E33-4844-9FFD-F2E588587FDD}.Release|Any CPU.Build.0 = Release|Any CPU
	EndGlobalSection
	GlobalSection(SolutionProperties) = preSolution
		HideSolutionNode = FALSE
	EndGlobalSection
EndGlobal
